
Microsoft Visual Studio Solution File, Format Version 12.00
# Visual Studio Version 17
VisualStudioVersion = 17.8.34330.188
MinimumVisualStudioVersion = 10.0.40219.1
Project("{FAE04EC0-301F-11D3-BF4B-00C04F79EFBC}") = "ConsoleApp_UnitTests", "ConsoleApp_UnitTests\ConsoleApp_UnitTests.csproj", "{4C71E0FE-1FE9-49FA-B72C-E40FBF6F657F}"
EndProject
Project("{FAE04EC0-301F-11D3-BF4B-00C04F79EFBC}") = "ConsoleApp_UnitTestsTests", "ConsoleApp_UnitTestsTests\ConsoleApp_UnitTestsTests.csproj", "{7084A84A-670B-40A2-931C-FB1D549D1566}"
EndProject
Global
	GlobalSection(SolutionConfigurationPlatforms) = preSolution
		Debug|Any CPU = Debug|Any CPU
		Release|Any CPU = Release|Any CPU
	EndGlobalSection
	GlobalSection(ProjectConfigurationPlatforms) = postSolution
		{4C71E0FE-1FE9-49FA-B72C-E40FBF6F657F}.Debug|Any CPU.ActiveCfg = Debug|Any CPU
		{4C71E0FE-1FE9-49FA-B72C-E40FBF6F657F}.Debug|Any CPU.Build.0 = Debug|Any CPU
		{4C71E0FE-1FE9-49FA-B72C-E40FBF6F657F}.Release|Any CPU.ActiveCfg = Release|Any CPU
		{4C71E0FE-1FE9-49FA-B72C-E40FBF6F657F}.Release|Any CPU.Build.0 = Release|Any CPU
		{7084A84A-670B-40A2-931C-FB1D549D1566}.Debug|Any CPU.ActiveCfg = Debug|Any CPU
		{7084A84A-670B-40A2-931C-FB1D549D1566}.Debug|Any CPU.Build.0 = Debug|Any CPU
		{7084A84A-670B-40A2-931C-FB1D549D1566}.Release|Any CPU.ActiveCfg = Release|Any CPU
		{7084A84A-670B-40A2-931C-FB1D549D1566}.Release|Any CPU.Build.0 = Release|Any CPU
	EndGlobalSection
	GlobalSection(SolutionProperties) = preSolution
		HideSolutionNode = FALSE
	EndGlobalSection
	GlobalSection(ExtensibilityGlobals) = postSolution
		SolutionGuid = {FA7C328E-6E0E-4415-809B-94D972B36278}
	EndGlobalSection
EndGlobal
